
Microsoft Visual Studio Solution File, Format Version 12.00
# Visual Studio Version 16
VisualStudioVersion = 16.0.29025.244
MinimumVisualStudioVersion = 10.0.40219.1
Project("{FAE04EC0-301F-11D3-BF4B-00C04F79EFBC}") = "SkillTree_MVC_HW", "SkillTree_MVC_HW\SkillTree_MVC_HW.csproj", "{C62C0331-BAD5-48FD-ACB2-413CBD89A7C9}"
EndProject
Global
	GlobalSection(SolutionConfigurationPlatforms) = preSolution
		Debug|Any CPU = Debug|Any CPU
		Release|Any CPU = Release|Any CPU
	EndGlobalSection
	GlobalSection(ProjectConfigurationPlatforms) = postSolution
		{C62C0331-BAD5-48FD-ACB2-413CBD89A7C9}.Debug|Any CPU.ActiveCfg = Debug|Any CPU
		{C62C0331-BAD5-48FD-ACB2-413CBD89A7C9}.Debug|Any CPU.Build.0 = Debug|Any CPU
		{C62C0331-BAD5-48FD-ACB2-413CBD89A7C9}.Release|Any CPU.ActiveCfg = Release|Any CPU
		{C62C0331-BAD5-48FD-ACB2-413CBD89A7C9}.Release|Any CPU.Build.0 = Release|Any CPU
	EndGlobalSection
	GlobalSection(SolutionProperties) = preSolution
		HideSolutionNode = FALSE
	EndGlobalSection
	GlobalSection(ExtensibilityGlobals) = postSolution
		SolutionGuid = {BA9A3573-A7E6-4F8D-A268-2179A67840D2}
	EndGlobalSection
EndGlobal
